
Microsoft Visual Studio Solution File, Format Version 12.00
# Visual Studio Version 17
VisualStudioVersion = 17.11.35312.102
MinimumVisualStudioVersion = 10.0.40219.1
Project("{FAE04EC0-301F-11D3-BF4B-00C04F79EFBC}") = "Task 7", "Task 7\Task 7.csproj", "{64D6AEAF-822D-479F-B6B2-B7EF42FEEEAB}"
EndProject
Global
	GlobalSection(SolutionConfigurationPlatforms) = preSolution
		Debug|Any CPU = Debug|Any CPU
		Release|Any CPU = Release|Any CPU
	EndGlobalSection
	GlobalSection(ProjectConfigurationPlatforms) = postSolution
		{64D6AEAF-822D-479F-B6B2-B7EF42FEEEAB}.Debug|Any CPU.ActiveCfg = Debug|Any CPU
		{64D6AEAF-822D-479F-B6B2-B7EF42FEEEAB}.Debug|Any CPU.Build.0 = Debug|Any CPU
		{64D6AEAF-822D-479F-B6B2-B7EF42FEEEAB}.Release|Any CPU.ActiveCfg = Release|Any CPU
		{64D6AEAF-822D-479F-B6B2-B7EF42FEEEAB}.Release|Any CPU.Build.0 = Release|Any CPU
	EndGlobalSection
	GlobalSection(SolutionProperties) = preSolution
		HideSolutionNode = FALSE
	EndGlobalSection
	GlobalSection(ExtensibilityGlobals) = postSolution
		SolutionGuid = {606FD29C-30B7-4C86-A30E-0D14235F9216}
	EndGlobalSection
EndGlobal
