
Microsoft Visual Studio Solution File, Format Version 12.00
# Visual Studio Version 17
VisualStudioVersion = 17.11.35312.102
MinimumVisualStudioVersion = 10.0.40219.1
Project("{FAE04EC0-301F-11D3-BF4B-00C04F79EFBC}") = "Task5", "Task5\Task5.csproj", "{F2A0CD28-93C9-4F6E-BF05-46F414185CEC}"
EndProject
Global
	GlobalSection(SolutionConfigurationPlatforms) = preSolution
		Debug|Any CPU = Debug|Any CPU
		Release|Any CPU = Release|Any CPU
	EndGlobalSection
	GlobalSection(ProjectConfigurationPlatforms) = postSolution
		{F2A0CD28-93C9-4F6E-BF05-46F414185CEC}.Debug|Any CPU.ActiveCfg = Debug|Any CPU
		{F2A0CD28-93C9-4F6E-BF05-46F414185CEC}.Debug|Any CPU.Build.0 = Debug|Any CPU
		{F2A0CD28-93C9-4F6E-BF05-46F414185CEC}.Release|Any CPU.ActiveCfg = Release|Any CPU
		{F2A0CD28-93C9-4F6E-BF05-46F414185CEC}.Release|Any CPU.Build.0 = Release|Any CPU
	EndGlobalSection
	GlobalSection(SolutionProperties) = preSolution
		HideSolutionNode = FALSE
	EndGlobalSection
	GlobalSection(ExtensibilityGlobals) = postSolution
		SolutionGuid = {39D2BC30-4980-4165-8C31-6772BBB5478F}
	EndGlobalSection
EndGlobal
