
Microsoft Visual Studio Solution File, Format Version 12.00
# Visual Studio Version 17
VisualStudioVersion = 17.11.35327.3
MinimumVisualStudioVersion = 10.0.40219.1
Project("{FAE04EC0-301F-11D3-BF4B-00C04F79EFBC}") = "Task 6", "Task 6\Task 6.csproj", "{A5916740-2C9B-4390-9DEB-EB9342EA39BF}"
EndProject
Global
	GlobalSection(SolutionConfigurationPlatforms) = preSolution
		Debug|Any CPU = Debug|Any CPU
		Release|Any CPU = Release|Any CPU
	EndGlobalSection
	GlobalSection(ProjectConfigurationPlatforms) = postSolution
		{A5916740-2C9B-4390-9DEB-EB9342EA39BF}.Debug|Any CPU.ActiveCfg = Debug|Any CPU
		{A5916740-2C9B-4390-9DEB-EB9342EA39BF}.Debug|Any CPU.Build.0 = Debug|Any CPU
		{A5916740-2C9B-4390-9DEB-EB9342EA39BF}.Release|Any CPU.ActiveCfg = Release|Any CPU
		{A5916740-2C9B-4390-9DEB-EB9342EA39BF}.Release|Any CPU.Build.0 = Release|Any CPU
	EndGlobalSection
	GlobalSection(SolutionProperties) = preSolution
		HideSolutionNode = FALSE
	EndGlobalSection
	GlobalSection(ExtensibilityGlobals) = postSolution
		SolutionGuid = {652D8B2E-C6DA-4E88-A8AD-3F3F112E6EA2}
	EndGlobalSection
EndGlobal
